// !$*UTF8*$!
{
	archiveVersion = 1;
	classes = {
	};
	objectVersion = 46;
	objects = {

/* Begin PBXBuildFile section */
		87E0BBC11C82C4A900D2D2D4 /* HomeViewController.swift in Sources */ = {isa = PBXBuildFile; fileRef = 87E0BBC01C82C4A900D2D2D4 /* HomeViewController.swift */; };
		87E0BBC41C82C4C100D2D2D4 /* CaptureViewController.swift in Sources */ = {isa = PBXBuildFile; fileRef = 87E0BBC31C82C4C100D2D2D4 /* CaptureViewController.swift */; };
		87E0BBC61C82C4D000D2D2D4 /* ProfileViewController.swift in Sources */ = {isa = PBXBuildFile; fileRef = 87E0BBC51C82C4D000D2D2D4 /* ProfileViewController.swift */; };
		87E0BBC91C82C5A300D2D2D4 /* UserMedia.swift in Sources */ = {isa = PBXBuildFile; fileRef = 87E0BBC81C82C5A300D2D2D4 /* UserMedia.swift */; };
		87ECB6591C86BACC00C4972A /* HomeCell.swift in Sources */ = {isa = PBXBuildFile; fileRef = 87ECB6581C86BACC00C4972A /* HomeCell.swift */; };
		87F053D81C7FCC5C00A81354 /* AppDelegate.swift in Sources */ = {isa = PBXBuildFile; fileRef = 87F053D71C7FCC5C00A81354 /* AppDelegate.swift */; };
		87F053DA1C7FCC5C00A81354 /* ViewController.swift in Sources */ = {isa = PBXBuildFile; fileRef = 87F053D91C7FCC5C00A81354 /* ViewController.swift */; };
		87F053DD1C7FCC5C00A81354 /* Main.storyboard in Resources */ = {isa = PBXBuildFile; fileRef = 87F053DB1C7FCC5C00A81354 /* Main.storyboard */; };
		87F053DF1C7FCC5C00A81354 /* Assets.xcassets in Resources */ = {isa = PBXBuildFile; fileRef = 87F053DE1C7FCC5C00A81354 /* Assets.xcassets */; };
		87F053E21C7FCC5C00A81354 /* LaunchScreen.storyboard in Resources */ = {isa = PBXBuildFile; fileRef = 87F053E01C7FCC5C00A81354 /* LaunchScreen.storyboard */; };
		87F053EA1C7FD30F00A81354 /* LoginViewController.swift in Sources */ = {isa = PBXBuildFile; fileRef = 87F053E91C7FD30F00A81354 /* LoginViewController.swift */; };
		C87F88C39FA55B8050B25EFB /* Pods_InitiallyInstagram.framework in Frameworks */ = {isa = PBXBuildFile; fileRef = F883926A86DB6A5648ABD96E /* Pods_InitiallyInstagram.framework */; };
/* End PBXBuildFile section */

/* Begin PBXFileReference section */
		72D93319141C1B9A00CBE61A /* Pods-InitiallyInstagram.release.xcconfig */ = {isa = PBXFileReference; includeInIndex = 1; lastKnownFileType = text.xcconfig; name = "Pods-InitiallyInstagram.release.xcconfig"; path = "Pods/Target Support Files/Pods-InitiallyInstagram/Pods-InitiallyInstagram.release.xcconfig"; sourceTree = "<group>"; };
		7323A572F923A175C0AD7289 /* Pods-InitiallyInstagram.debug.xcconfig */ = {isa = PBXFileReference; includeInIndex = 1; lastKnownFileType = text.xcconfig; name = "Pods-InitiallyInstagram.debug.xcconfig"; path = "Pods/Target Support Files/Pods-InitiallyInstagram/Pods-InitiallyInstagram.debug.xcconfig"; sourceTree = "<group>"; };
		87E0BBC01C82C4A900D2D2D4 /* HomeViewController.swift */ = {isa = PBXFileReference; fileEncoding = 4; lastKnownFileType = sourcecode.swift; path = HomeViewController.swift; sourceTree = "<group>"; };
		87E0BBC31C82C4C100D2D2D4 /* CaptureViewController.swift */ = {isa = PBXFileReference; fileEncoding = 4; lastKnownFileType = sourcecode.swift; path = CaptureViewController.swift; sourceTree = "<group>"; };
		87E0BBC51C82C4D000D2D2D4 /* ProfileViewController.swift */ = {isa = PBXFileReference; fileEncoding = 4; lastKnownFileType = sourcecode.swift; path = ProfileViewController.swift; sourceTree = "<group>"; };
		87E0BBC81C82C5A300D2D2D4 /* UserMedia.swift */ = {isa = PBXFileReference; fileEncoding = 4; lastKnownFileType = sourcecode.swift; path = UserMedia.swift; sourceTree = "<group>"; };
		87ECB6581C86BACC00C4972A /* HomeCell.swift */ = {isa = PBXFileReference; fileEncoding = 4; lastKnownFileType = sourcecode.swift; path = HomeCell.swift; sourceTree = "<group>"; };
		87F053D41C7FCC5B00A81354 /* InitiallyInstagram.app */ = {isa = PBXFileReference; explicitFileType = wrapper.application; includeInIndex = 0; path = InitiallyInstagram.app; sourceTree = BUILT_PRODUCTS_DIR; };
		87F053D71C7FCC5C00A81354 /* AppDelegate.swift */ = {isa = PBXFileReference; lastKnownFileType = sourcecode.swift; path = AppDelegate.swift; sourceTree = "<group>"; };
		87F053D91C7FCC5C00A81354 /* ViewController.swift */ = {isa = PBXFileReference; lastKnownFileType = sourcecode.swift; path = ViewController.swift; sourceTree = "<group>"; };
		87F053DC1C7FCC5C00A81354 /* Base */ = {isa = PBXFileReference; lastKnownFileType = file.storyboard; name = Base; path = Base.lproj/Main.storyboard; sourceTree = "<group>"; };
		87F053DE1C7FCC5C00A81354 /* Assets.xcassets */ = {isa = PBXFileReference; lastKnownFileType = folder.assetcatalog; path = Assets.xcassets; sourceTree = "<group>"; };
		87F053E11C7FCC5C00A81354 /* Base */ = {isa = PBXFileReference; lastKnownFileType = file.storyboard; name = Base; path = Base.lproj/LaunchScreen.storyboard; sourceTree = "<group>"; };
		87F053E31C7FCC5C00A81354 /* Info.plist */ = {isa = PBXFileReference; lastKnownFileType = text.plist.xml; path = Info.plist; sourceTree = "<group>"; };
		87F053E91C7FD30F00A81354 /* LoginViewController.swift */ = {isa = PBXFileReference; fileEncoding = 4; lastKnownFileType = sourcecode.swift; path = LoginViewController.swift; sourceTree = "<group>"; };
		F883926A86DB6A5648ABD96E /* Pods_InitiallyInstagram.framework */ = {isa = PBXFileReference; explicitFileType = wrapper.framework; includeInIndex = 0; path = Pods_InitiallyInstagram.framework; sourceTree = BUILT_PRODUCTS_DIR; };
/* End PBXFileReference section */

/* Begin PBXFrameworksBuildPhase section */
		87F053D11C7FCC5B00A81354 /* Frameworks */ = {
			isa = PBXFrameworksBuildPhase;
			buildActionMask = 2147483647;
			files = (
				C87F88C39FA55B8050B25EFB /* Pods_InitiallyInstagram.framework in Frameworks */,
			);
			runOnlyForDeploymentPostprocessing = 0;
		};
/* End PBXFrameworksBuildPhase section */

/* Begin PBXGroup section */
		04D3DB99BA2FED58CCEED316 /* Pods */ = {
			isa = PBXGroup;
			children = (
				7323A572F923A175C0AD7289 /* Pods-InitiallyInstagram.debug.xcconfig */,
				72D93319141C1B9A00CBE61A /* Pods-InitiallyInstagram.release.xcconfig */,
			);
			name = Pods;
			sourceTree = "<group>";
		};
		87E0BBC21C82C4AC00D2D2D4 /* ViewControllers */ = {
			isa = PBXGroup;
			children = (
				87F053D91C7FCC5C00A81354 /* ViewController.swift */,
				87F053E91C7FD30F00A81354 /* LoginViewController.swift */,
				87E0BBC01C82C4A900D2D2D4 /* HomeViewController.swift */,
				87E0BBC31C82C4C100D2D2D4 /* CaptureViewController.swift */,
				87E0BBC51C82C4D000D2D2D4 /* ProfileViewController.swift */,
			);
			name = ViewControllers;
			sourceTree = "<group>";
		};
		87E0BBC71C82C58500D2D2D4 /* Models */ = {
			isa = PBXGroup;
			children = (
				87E0BBC81C82C5A300D2D2D4 /* UserMedia.swift */,
			);
			name = Models;
			sourceTree = "<group>";
		};
		87ECB6571C86BA8A00C4972A /* Views */ = {
			isa = PBXGroup;
			children = (
				87ECB6581C86BACC00C4972A /* HomeCell.swift */,
			);
			name = Views;
			sourceTree = "<group>";
		};
		87F053CB1C7FCC5B00A81354 = {
			isa = PBXGroup;
			children = (
				87F053D61C7FCC5C00A81354 /* InitiallyInstagram */,
				87F053D51C7FCC5B00A81354 /* Products */,
				04D3DB99BA2FED58CCEED316 /* Pods */,
				95F7895985ADF3D410BA4EDF /* Frameworks */,
			);
			sourceTree = "<group>";
		};
		87F053D51C7FCC5B00A81354 /* Products */ = {
			isa = PBXGroup;
			children = (
				87F053D41C7FCC5B00A81354 /* InitiallyInstagram.app */,
			);
			name = Products;
			sourceTree = "<group>";
		};
		87F053D61C7FCC5C00A81354 /* InitiallyInstagram */ = {
			isa = PBXGroup;
			children = (
				87ECB6571C86BA8A00C4972A /* Views */,
				87E0BBC71C82C58500D2D2D4 /* Models */,
				87E0BBC21C82C4AC00D2D2D4 /* ViewControllers */,
				87F053D71C7FCC5C00A81354 /* AppDelegate.swift */,
				87F053DB1C7FCC5C00A81354 /* Main.storyboard */,
				87F053DE1C7FCC5C00A81354 /* Assets.xcassets */,
				87F053E01C7FCC5C00A81354 /* LaunchScreen.storyboard */,
				87F053E31C7FCC5C00A81354 /* Info.plist */,
			);
			path = InitiallyInstagram;
			sourceTree = "<group>";
		};
		95F7895985ADF3D410BA4EDF /* Frameworks */ = {
			isa = PBXGroup;
			children = (
				F883926A86DB6A5648ABD96E /* Pods_InitiallyInstagram.framework */,
			);
			name = Frameworks;
			sourceTree = "<group>";
		};
/* End PBXGroup section */

/* Begin PBXNativeTarget section */
		87F053D31C7FCC5B00A81354 /* InitiallyInstagram */ = {
			isa = PBXNativeTarget;
			buildConfigurationList = 87F053E61C7FCC5C00A81354 /* Build configuration list for PBXNativeTarget "InitiallyInstagram" */;
			buildPhases = (
				5A09FF5F00DE83A56B56D7E3 /* Check Pods Manifest.lock */,
				87F053D01C7FCC5B00A81354 /* Sources */,
				87F053D11C7FCC5B00A81354 /* Frameworks */,
				87F053D21C7FCC5B00A81354 /* Resources */,
				70064855762A3FD77838D297 /* Embed Pods Frameworks */,
				0EACBDB4B8DB061FF1A5A15D /* Copy Pods Resources */,
			);
			buildRules = (
			);
			dependencies = (
			);
			name = InitiallyInstagram;
			productName = InitiallyInstagram;
			productReference = 87F053D41C7FCC5B00A81354 /* InitiallyInstagram.app */;
			productType = "com.apple.product-type.application";
		};
/* End PBXNativeTarget section */

/* Begin PBXProject section */
		87F053CC1C7FCC5B00A81354 /* Project object */ = {
			isa = PBXProject;
			attributes = {
				LastSwiftUpdateCheck = 0720;
				LastUpgradeCheck = 0720;
				ORGANIZATIONNAME = ani6gup;
				TargetAttributes = {
					87F053D31C7FCC5B00A81354 = {
						CreatedOnToolsVersion = 7.2;
						DevelopmentTeam = 45VAF84J29;
					};
				};
			};
			buildConfigurationList = 87F053CF1C7FCC5B00A81354 /* Build configuration list for PBXProject "InitiallyInstagram" */;
			compatibilityVersion = "Xcode 3.2";
			developmentRegion = English;
			hasScannedForEncodings = 0;
			knownRegions = (
				en,
				Base,
			);
			mainGroup = 87F053CB1C7FCC5B00A81354;
			productRefGroup = 87F053D51C7FCC5B00A81354 /* Products */;
			projectDirPath = "";
			projectRoot = "";
			targets = (
				87F053D31C7FCC5B00A81354 /* InitiallyInstagram */,
			);
		};
/* End PBXProject section */

/* Begin PBXResourcesBuildPhase section */
		87F053D21C7FCC5B00A81354 /* Resources */ = {
			isa = PBXResourcesBuildPhase;
			buildActionMask = 2147483647;
			files = (
				87F053E21C7FCC5C00A81354 /* LaunchScreen.storyboard in Resources */,
				87F053DF1C7FCC5C00A81354 /* Assets.xcassets in Resources */,
				87F053DD1C7FCC5C00A81354 /* Main.storyboard in Resources */,
			);
			runOnlyForDeploymentPostprocessing = 0;
		};
/* End PBXResourcesBuildPhase section */

/* Begin PBXShellScriptBuildPhase section */
		0EACBDB4B8DB061FF1A5A15D /* Copy Pods Resources */ = {
			isa = PBXShellScriptBuildPhase;
			buildActionMask = 2147483647;
			files = (
			);
			inputPaths = (
			);
			name = "Copy Pods Resources";
			outputPaths = (
			);
			runOnlyForDeploymentPostprocessing = 0;
			shellPath = /bin/sh;
			shellScript = "\"${SRCROOT}/Pods/Target Support Files/Pods-InitiallyInstagram/Pods-InitiallyInstagram-resources.sh\"\n";
			showEnvVarsInLog = 0;
		};
		5A09FF5F00DE83A56B56D7E3 /* Check Pods Manifest.lock */ = {
			isa = PBXShellScriptBuildPhase;
			buildActionMask = 2147483647;
			files = (
			);
			inputPaths = (
			);
			name = "Check Pods Manifest.lock";
			outputPaths = (
			);
			runOnlyForDeploymentPostprocessing = 0;
			shellPath = /bin/sh;
			shellScript = "diff \"${PODS_ROOT}/../Podfile.lock\" \"${PODS_ROOT}/Manifest.lock\" > /dev/null\nif [[ $? != 0 ]] ; then\n    cat << EOM\nerror: The sandbox is not in sync with the Podfile.lock. Run 'pod install' or update your CocoaPods installation.\nEOM\n    exit 1\nfi\n";
			showEnvVarsInLog = 0;
		};
		70064855762A3FD77838D297 /* Embed Pods Frameworks */ = {
			isa = PBXShellScriptBuildPhase;
			buildActionMask = 2147483647;
			files = (
			);
			inputPaths = (
			);
			name = "Embed Pods Frameworks";
			outputPaths = (
			);
			runOnlyForDeploymentPostprocessing = 0;
			shellPath = /bin/sh;
			shellScript = "\"${SRCROOT}/Pods/Target Support Files/Pods-InitiallyInstagram/Pods-InitiallyInstagram-frameworks.sh\"\n";
			showEnvVarsInLog = 0;
		};
/* End PBXShellScriptBuildPhase section */

/* Begin PBXSourcesBuildPhase section */
		87F053D01C7FCC5B00A81354 /* Sources */ = {
			isa = PBXSourcesBuildPhase;
			buildActionMask = 2147483647;
			files = (
				87E0BBC61C82C4D000D2D2D4 /* ProfileViewController.swift in Sources */,
				87F053EA1C7FD30F00A81354 /* LoginViewController.swift in Sources */,
				87ECB6591C86BACC00C4972A /* HomeCell.swift in Sources */,
				87F053DA1C7FCC5C00A81354 /* ViewController.swift in Sources */,
				87F053D81C7FCC5C00A81354 /* AppDelegate.swift in Sources */,
				87E0BBC11C82C4A900D2D2D4 /* HomeViewController.swift in Sources */,
				87E0BBC41C82C4C100D2D2D4 /* CaptureViewController.swift in Sources */,
				87E0BBC91C82C5A300D2D2D4 /* UserMedia.swift in Sources */,
			);
			runOnlyForDeploymentPostprocessing = 0;
		};
/* End PBXSourcesBuildPhase section */

/* Begin PBXVariantGroup section */
		87F053DB1C7FCC5C00A81354 /* Main.storyboard */ = {
			isa = PBXVariantGroup;
			children = (
				87F053DC1C7FCC5C00A81354 /* Base */,
			);
			name = Main.storyboard;
			sourceTree = "<group>";
		};
		87F053E01C7FCC5C00A81354 /* LaunchScreen.storyboard */ = {
			isa = PBXVariantGroup;
			children = (
				87F053E11C7FCC5C00A81354 /* Base */,
			);
			name = LaunchScreen.storyboard;
			sourceTree = "<group>";
		};
/* End PBXVariantGroup section */

/* Begin XCBuildConfiguration section */
		87F053E41C7FCC5C00A81354 /* Debug */ = {
			isa = XCBuildConfiguration;
			buildSettings = {
				ALWAYS_SEARCH_USER_PATHS = NO;
				CLANG_CXX_LANGUAGE_STANDARD = "gnu++0x";
				CLANG_CXX_LIBRARY = "libc++";
				CLANG_ENABLE_MODULES = YES;
				CLANG_ENABLE_OBJC_ARC = YES;
				CLANG_WARN_BOOL_CONVERSION = YES;
				CLANG_WARN_CONSTANT_CONVERSION = YES;
				CLANG_WARN_DIRECT_OBJC_ISA_USAGE = YES_ERROR;
				CLANG_WARN_EMPTY_BODY = YES;
				CLANG_WARN_ENUM_CONVERSION = YES;
				CLANG_WARN_INT_CONVERSION = YES;
				CLANG_WARN_OBJC_ROOT_CLASS = YES_ERROR;
				CLANG_WARN_UNREACHABLE_CODE = YES;
				CLANG_WARN__DUPLICATE_METHOD_MATCH = YES;
				"CODE_SIGN_IDENTITY[sdk=iphoneos*]" = "iPhone Developer";
				COPY_PHASE_STRIP = NO;
				DEBUG_INFORMATION_FORMAT = dwarf;
				ENABLE_STRICT_OBJC_MSGSEND = YES;
				ENABLE_TESTABILITY = YES;
				GCC_C_LANGUAGE_STANDARD = gnu99;
				GCC_DYNAMIC_NO_PIC = NO;
				GCC_NO_COMMON_BLOCKS = YES;
				GCC_OPTIMIZATION_LEVEL = 0;
				GCC_PREPROCESSOR_DEFINITIONS = (
					"DEBUG=1",
					"$(inherited)",
				);
				GCC_WARN_64_TO_32_BIT_CONVERSION = YES;
				GCC_WARN_ABOUT_RETURN_TYPE = YES_ERROR;
				GCC_WARN_UNDECLARED_SELECTOR = YES;
				GCC_WARN_UNINITIALIZED_AUTOS = YES_AGGRESSIVE;
				GCC_WARN_UNUSED_FUNCTION = YES;
				GCC_WARN_UNUSED_VARIABLE = YES;
				IPHONEOS_DEPLOYMENT_TARGET = 9.2;
				MTL_ENABLE_DEBUG_INFO = YES;
				ONLY_ACTIVE_ARCH = YES;
				SDKROOT = iphoneos;
				SWIFT_OPTIMIZATION_LEVEL = "-Onone";
			};
			name = Debug;
		};
		87F053E51C7FCC5C00A81354 /* Release */ = {
			isa = XCBuildConfiguration;
			buildSettings = {
				ALWAYS_SEARCH_USER_PATHS = NO;
				CLANG_CXX_LANGUAGE_STANDARD = "gnu++0x";
				CLANG_CXX_LIBRARY = "libc++";
				CLANG_ENABLE_MODULES = YES;
				CLANG_ENABLE_OBJC_ARC = YES;
				CLANG_WARN_BOOL_CONVERSION = YES;
				CLANG_WARN_CONSTANT_CONVERSION = YES;
				CLANG_WARN_DIRECT_OBJC_ISA_USAGE = YES_ERROR;
				CLANG_WARN_EMPTY_BODY = YES;
				CLANG_WARN_ENUM_CONVERSION = YES;
				CLANG_WARN_INT_CONVERSION = YES;
				CLANG_WARN_OBJC_ROOT_CLASS = YES_ERROR;
				CLANG_WARN_UNREACHABLE_CODE = YES;
				CLANG_WARN__DUPLICATE_METHOD_MATCH = YES;
				"CODE_SIGN_IDENTITY[sdk=iphoneos*]" = "iPhone Developer";
				COPY_PHASE_STRIP = NO;
				DEBUG_INFORMATION_FORMAT = "dwarf-with-dsym";
				ENABLE_NS_ASSERTIONS = NO;
				ENABLE_STRICT_OBJC_MSGSEND = YES;
				GCC_C_LANGUAGE_STANDARD = gnu99;
				GCC_NO_COMMON_BLOCKS = YES;
				GCC_WARN_64_TO_32_BIT_CONVERSION = YES;
				GCC_WARN_ABOUT_RETURN_TYPE = YES_ERROR;
				GCC_WARN_UNDECLARED_SELECTOR = YES;
				GCC_WARN_UNINITIALIZED_AUTOS = YES_AGGRESSIVE;
				GCC_WARN_UNUSED_FUNCTION = YES;
				GCC_WARN_UNUSED_VARIABLE = YES;
				IPHONEOS_DEPLOYMENT_TARGET = 9.2;
				MTL_ENABLE_DEBUG_INFO = NO;
				SDKROOT = iphoneos;
				VALIDATE_PRODUCT = YES;
			};
			name = Release;
		};
		87F053E71C7FCC5C00A81354 /* Debug */ = {
			isa = XCBuildConfiguration;
			baseConfigurationReference = 7323A572F923A175C0AD7289 /* Pods-InitiallyInstagram.debug.xcconfig */;
			buildSettings = {
				ASSETCATALOG_COMPILER_APPICON_NAME = AppIcon;
				INFOPLIST_FILE = InitiallyInstagram/Info.plist;
				LD_RUNPATH_SEARCH_PATHS = "$(inherited) @executable_path/Frameworks";
				PRODUCT_BUNDLE_IDENTIFIER = com.ani6gup.InitiallyInstagram;
				PRODUCT_NAME = "$(TARGET_NAME)";
			};
			name = Debug;
		};
		87F053E81C7FCC5C00A81354 /* Release */ = {
			isa = XCBuildConfiguration;
			baseConfigurationReference = 72D93319141C1B9A00CBE61A /* Pods-InitiallyInstagram.release.xcconfig */;
			buildSettings = {
				ASSETCATALOG_COMPILER_APPICON_NAME = AppIcon;
				INFOPLIST_FILE = InitiallyInstagram/Info.plist;
				LD_RUNPATH_SEARCH_PATHS = "$(inherited) @executable_path/Frameworks";
				PRODUCT_BUNDLE_IDENTIFIER = com.ani6gup.InitiallyInstagram;
				PRODUCT_NAME = "$(TARGET_NAME)";
			};
			name = Release;
		};
/* End XCBuildConfiguration section */

/* Begin XCConfigurationList section */
		87F053CF1C7FCC5B00A81354 /* Build configuration list for PBXProject "InitiallyInstagram" */ = {
			isa = XCConfigurationList;
			buildConfigurations = (
				87F053E41C7FCC5C00A81354 /* Debug */,
				87F053E51C7FCC5C00A81354 /* Release */,
			);
			defaultConfigurationIsVisible = 0;
			defaultConfigurationName = Release;
		};
		87F053E61C7FCC5C00A81354 /* Build configuration list for PBXNativeTarget "InitiallyInstagram" */ = {
			isa = XCConfigurationList;
			buildConfigurations = (
				87F053E71C7FCC5C00A81354 /* Debug */,
				87F053E81C7FCC5C00A81354 /* Release */,
			);
			defaultConfigurationIsVisible = 0;
			defaultConfigurationName = Release;
		};
/* End XCConfigurationList section */
	};
	rootObject = 87F053CC1C7FCC5B00A81354 /* Project object */;
}
